
Microsoft Visual Studio Solution File, Format Version 12.00
# Visual Studio Version 17
VisualStudioVersion = 17.2.32505.173
MinimumVisualStudioVersion = 10.0.40219.1
Project("{8BC9CEB8-8B4A-11D0-8D11-00A0C91BC942}") = "Lab1.1", "Lab1.1\Lab1.1.vcxproj", "{A9D4D72A-539C-41E4-A242-4EE9F14E2AC8}"
EndProject
Project("{8BC9CEB8-8B4A-11D0-8D11-00A0C91BC942}") = "Lab1.2", "Lab1.2\Lab1.2.vcxproj", "{0A5CD6D6-F846-480F-BC6F-7FE57EC26204}"
EndProject
Project("{8BC9CEB8-8B4A-11D0-8D11-00A0C91BC942}") = "Lab1.3", "Lab1.3\Lab1.3.vcxproj", "{8311B909-A24F-475E-A5BC-57713DA9B70B}"
EndProject
Project("{8BC9CEB8-8B4A-11D0-8D11-00A0C91BC942}") = "Lab2.1.1", "Lab2.1.1\Lab2.1.1.vcxproj", "{0EEEA06A-285E-4F7E-ACD3-06B92B6ED7A8}"
EndProject
Project("{8BC9CEB8-8B4A-11D0-8D11-00A0C91BC942}") = "Lab2.1.2", "Lab2.1.2\Lab2.1.2.vcxproj", "{B25FFD5F-53FC-4C24-B4ED-98B04BFA4D63}"
EndProject
Project("{8BC9CEB8-8B4A-11D0-8D11-00A0C91BC942}") = "Lab2.2.1", "Lab2.2.1\Lab2.2.1.vcxproj", "{6BADCA89-62E9-4F5A-9C15-AAF8B41F0ABF}"
EndProject
Project("{8BC9CEB8-8B4A-11D0-8D11-00A0C91BC942}") = "Lab2.2.2", "Lab2.2.2\Lab2.2.2.vcxproj", "{0C33EDD9-672E-4054-A5EB-A65917B327C7}"
EndProject
Project("{8BC9CEB8-8B4A-11D0-8D11-00A0C91BC942}") = "Lab1_control", "Lab1_control\Lab1_control.vcxproj", "{2E9CA401-962C-48D7-B7D5-DED9A51296D4}"
EndProject
Project("{8BC9CEB8-8B4A-11D0-8D11-00A0C91BC942}") = "Lab2.3.3", "Lab2.3.3\Lab2.3.3.vcxproj", "{4A5E8D50-7235-4A93-A092-7A428DFF4B0D}"
EndProject
Project("{8BC9CEB8-8B4A-11D0-8D11-00A0C91BC942}") = "Lab2.2.1.1", "Lab2.2.1.1\Lab2.2.1.1.vcxproj", "{A6589E90-1F1F-43FA-B983-79D333491ECA}"
EndProject
Project("{8BC9CEB8-8B4A-11D0-8D11-00A0C91BC942}") = "Lab2.2.2.1", "Lab2.2.2.1\Lab2.2.2.1.vcxproj", "{1858FC9E-5946-4B6B-B01B-5C2B94E30204}"
EndProject
Project("{8BC9CEB8-8B4A-11D0-8D11-00A0C91BC942}") = "Lab2.3.4", "Lab2.3.4\Lab2.3.4.vcxproj", "{556884E6-3800-499D-9F39-E054D262E29F}"
EndProject
Project("{8BC9CEB8-8B4A-11D0-8D11-00A0C91BC942}") = "Lab2_control_4(target shooting)", "Lab2_control_4(target shooting)\Lab2_control_4(target shooting).vcxproj", "{9ACDA650-00BD-43FA-9424-EBADFAE2A4A9}"
EndProject
Project("{8BC9CEB8-8B4A-11D0-8D11-00A0C91BC942}") = "Lab2_control_4add(target shooting)", "Lab2_control_4add(target shooting)\Lab2_control_4add(target shooting).vcxproj", "{56FC91C5-B04A-4C1E-9086-B6303EAC7D24}"
EndProject
Project("{8BC9CEB8-8B4A-11D0-8D11-00A0C91BC942}") = "Lab2_control_2(check_SNILS)", "Lab2_control_2(check_SNILS)\Lab2_control_2(check_SNILS).vcxproj", "{A41A4D15-542F-4FC8-A45B-BC3C5E4A14E9}"
EndProject
Project("{8BC9CEB8-8B4A-11D0-8D11-00A0C91BC942}") = "Lab2_control_1(super_prime_numbers)", "Lab2_control_1(super_prime_numbers)\Lab2_control_1(super_prime_numbers).vcxproj", "{BCF929B4-D8AD-4816-8AB2-80948AA39B5A}"
EndProject
Project("{8BC9CEB8-8B4A-11D0-8D11-00A0C91BC942}") = "Lab2_control_3(coin_exchange)", "Lab2_control_3(coin_exchange)\Lab2_control_3(coin_exchange).vcxproj", "{13FE0159-298B-4633-BCD7-65C11AD60E0B}"
EndProject
Project("{8BC9CEB8-8B4A-11D0-8D11-00A0C91BC942}") = "Lab3.1.1", "Lab3.1.1\Lab3.1.1.vcxproj", "{727DEAFE-D9CF-4C52-875E-159FBAA3A33B}"
EndProject
Project("{8BC9CEB8-8B4A-11D0-8D11-00A0C91BC942}") = "Lab3.1.2", "Lab3.1.2\Lab3.1.2.vcxproj", "{B74A0FFE-1D62-4A6B-A0BB-7B4DAAFB2712}"
EndProject
Project("{8BC9CEB8-8B4A-11D0-8D11-00A0C91BC942}") = "Lab3.2", "Lab3.2\Lab3.2.vcxproj", "{166BB3EC-7A2C-497A-9EF3-461D66E413DA}"
EndProject
Project("{8BC9CEB8-8B4A-11D0-8D11-00A0C91BC942}") = "Lab3.3", "Lab3.3\Lab3.3.vcxproj", "{9ACF8659-EB0C-4179-A2CA-E84698AFCFCF}"
EndProject
Project("{8BC9CEB8-8B4A-11D0-8D11-00A0C91BC942}") = "Lab3.4.1", "Lab3.4.1\Lab3.4.1.vcxproj", "{529A27DD-1E1F-4804-B65A-D8E2B460C4F5}"
EndProject
Project("{8BC9CEB8-8B4A-11D0-8D11-00A0C91BC942}") = "Lab3.4.2", "Lab3.4.2\Lab3.4.2.vcxproj", "{9E53AB44-6E46-4758-93BF-843B16365495}"
EndProject
Project("{8BC9CEB8-8B4A-11D0-8D11-00A0C91BC942}") = "Lab3_control_1(check_SNILS)", "Lab3_control_1(check_SNILS)\Lab3_control_1(check_SNILS).vcxproj", "{76892F7D-E8C1-43F3-91FA-458B96AEE11E}"
EndProject
Project("{8BC9CEB8-8B4A-11D0-8D11-00A0C91BC942}") = "Lab3_control_2(cube_root)", "Lab3_control_2(cube_root)\Lab3_control_2(cube_root).vcxproj", "{00A61173-9EC9-4DE0-9322-3EFA44B92AFA}"
EndProject
Project("{8BC9CEB8-8B4A-11D0-8D11-00A0C91BC942}") = "Lab3_control_3(triangles)", "Lab3_control_3(triangles)\Lab3_control_3(triangles).vcxproj", "{E08FFC93-C227-4AB9-ADC5-7155F0D56048}"
EndProject
Project("{8BC9CEB8-8B4A-11D0-8D11-00A0C91BC942}") = "Lab3_control_4(sum)", "Lab3_control_4(sum)\Lab3_control_4(sum).vcxproj", "{D39AFB62-E1E6-461D-817C-7D337F5A86FE}"
EndProject
Project("{8BC9CEB8-8B4A-11D0-8D11-00A0C91BC942}") = "Lab3_control_5(convert)", "Lab3_control_5(convert)\Lab3_control_5(convert).vcxproj", "{91727963-319E-4AF1-B47D-260F9FA4032A}"
EndProject
Global
	GlobalSection(SolutionConfigurationPlatforms) = preSolution
		Debug|x64 = Debug|x64
		Debug|x86 = Debug|x86
		Release|x64 = Release|x64
		Release|x86 = Release|x86
	EndGlobalSection
	GlobalSection(ProjectConfigurationPlatforms) = postSolution
		{A9D4D72A-539C-41E4-A242-4EE9F14E2AC8}.Debug|x64.ActiveCfg = Debug|x64
		{A9D4D72A-539C-41E4-A242-4EE9F14E2AC8}.Debug|x64.Build.0 = Debug|x64
		{A9D4D72A-539C-41E4-A242-4EE9F14E2AC8}.Debug|x86.ActiveCfg = Debug|Win32
		{A9D4D72A-539C-41E4-A242-4EE9F14E2AC8}.Debug|x86.Build.0 = Debug|Win32
		{A9D4D72A-539C-41E4-A242-4EE9F14E2AC8}.Release|x64.ActiveCfg = Release|x64
		{A9D4D72A-539C-41E4-A242-4EE9F14E2AC8}.Release|x64.Build.0 = Release|x64
		{A9D4D72A-539C-41E4-A242-4EE9F14E2AC8}.Release|x86.ActiveCfg = Release|Win32
		{A9D4D72A-539C-41E4-A242-4EE9F14E2AC8}.Release|x86.Build.0 = Release|Win32
		{0A5CD6D6-F846-480F-BC6F-7FE57EC26204}.Debug|x64.ActiveCfg = Debug|x64
		{0A5CD6D6-F846-480F-BC6F-7FE57EC26204}.Debug|x64.Build.0 = Debug|x64
		{0A5CD6D6-F846-480F-BC6F-7FE57EC26204}.Debug|x86.ActiveCfg = Debug|Win32
		{0A5CD6D6-F846-480F-BC6F-7FE57EC26204}.Debug|x86.Build.0 = Debug|Win32
		{0A5CD6D6-F846-480F-BC6F-7FE57EC26204}.Release|x64.ActiveCfg = Release|x64
		{0A5CD6D6-F846-480F-BC6F-7FE57EC26204}.Release|x64.Build.0 = Release|x64
		{0A5CD6D6-F846-480F-BC6F-7FE57EC26204}.Release|x86.ActiveCfg = Release|Win32
		{0A5CD6D6-F846-480F-BC6F-7FE57EC26204}.Release|x86.Build.0 = Release|Win32
		{8311B909-A24F-475E-A5BC-57713DA9B70B}.Debug|x64.ActiveCfg = Debug|x64
		{8311B909-A24F-475E-A5BC-57713DA9B70B}.Debug|x64.Build.0 = Debug|x64
		{8311B909-A24F-475E-A5BC-57713DA9B70B}.Debug|x86.ActiveCfg = Debug|Win32
		{8311B909-A24F-475E-A5BC-57713DA9B70B}.Debug|x86.Build.0 = Debug|Win32
		{8311B909-A24F-475E-A5BC-57713DA9B70B}.Release|x64.ActiveCfg = Release|x64
		{8311B909-A24F-475E-A5BC-57713DA9B70B}.Release|x64.Build.0 = Release|x64
		{8311B909-A24F-475E-A5BC-57713DA9B70B}.Release|x86.ActiveCfg = Release|Win32
		{8311B909-A24F-475E-A5BC-57713DA9B70B}.Release|x86.Build.0 = Release|Win32
		{0EEEA06A-285E-4F7E-ACD3-06B92B6ED7A8}.Debug|x64.ActiveCfg = Debug|x64
		{0EEEA06A-285E-4F7E-ACD3-06B92B6ED7A8}.Debug|x64.Build.0 = Debug|x64
		{0EEEA06A-285E-4F7E-ACD3-06B92B6ED7A8}.Debug|x86.ActiveCfg = Debug|Win32
		{0EEEA06A-285E-4F7E-ACD3-06B92B6ED7A8}.Debug|x86.Build.0 = Debug|Win32
		{0EEEA06A-285E-4F7E-ACD3-06B92B6ED7A8}.Release|x64.ActiveCfg = Release|x64
		{0EEEA06A-285E-4F7E-ACD3-06B92B6ED7A8}.Release|x64.Build.0 = Release|x64
		{0EEEA06A-285E-4F7E-ACD3-06B92B6ED7A8}.Release|x86.ActiveCfg = Release|Win32
		{0EEEA06A-285E-4F7E-ACD3-06B92B6ED7A8}.Release|x86.Build.0 = Release|Win32
		{B25FFD5F-53FC-4C24-B4ED-98B04BFA4D63}.Debug|x64.ActiveCfg = Debug|x64
		{B25FFD5F-53FC-4C24-B4ED-98B04BFA4D63}.Debug|x64.Build.0 = Debug|x64
		{B25FFD5F-53FC-4C24-B4ED-98B04BFA4D63}.Debug|x86.ActiveCfg = Debug|Win32
		{B25FFD5F-53FC-4C24-B4ED-98B04BFA4D63}.Debug|x86.Build.0 = Debug|Win32
		{B25FFD5F-53FC-4C24-B4ED-98B04BFA4D63}.Release|x64.ActiveCfg = Release|x64
		{B25FFD5F-53FC-4C24-B4ED-98B04BFA4D63}.Release|x64.Build.0 = Release|x64
		{B25FFD5F-53FC-4C24-B4ED-98B04BFA4D63}.Release|x86.ActiveCfg = Release|Win32
		{B25FFD5F-53FC-4C24-B4ED-98B04BFA4D63}.Release|x86.Build.0 = Release|Win32
		{6BADCA89-62E9-4F5A-9C15-AAF8B41F0ABF}.Debug|x64.ActiveCfg = Debug|x64
		{6BADCA89-62E9-4F5A-9C15-AAF8B41F0ABF}.Debug|x64.Build.0 = Debug|x64
		{6BADCA89-62E9-4F5A-9C15-AAF8B41F0ABF}.Debug|x86.ActiveCfg = Debug|Win32
		{6BADCA89-62E9-4F5A-9C15-AAF8B41F0ABF}.Debug|x86.Build.0 = Debug|Win32
		{6BADCA89-62E9-4F5A-9C15-AAF8B41F0ABF}.Release|x64.ActiveCfg = Release|x64
		{6BADCA89-62E9-4F5A-9C15-AAF8B41F0ABF}.Release|x64.Build.0 = Release|x64
		{6BADCA89-62E9-4F5A-9C15-AAF8B41F0ABF}.Release|x86.ActiveCfg = Release|Win32
		{6BADCA89-62E9-4F5A-9C15-AAF8B41F0ABF}.Release|x86.Build.0 = Release|Win32
		{0C33EDD9-672E-4054-A5EB-A65917B327C7}.Debug|x64.ActiveCfg = Debug|x64
		{0C33EDD9-672E-4054-A5EB-A65917B327C7}.Debug|x64.Build.0 = Debug|x64
		{0C33EDD9-672E-4054-A5EB-A65917B327C7}.Debug|x86.ActiveCfg = Debug|Win32
		{0C33EDD9-672E-4054-A5EB-A65917B327C7}.Debug|x86.Build.0 = Debug|Win32
		{0C33EDD9-672E-4054-A5EB-A65917B327C7}.Release|x64.ActiveCfg = Release|x64
		{0C33EDD9-672E-4054-A5EB-A65917B327C7}.Release|x64.Build.0 = Release|x64
		{0C33EDD9-672E-4054-A5EB-A65917B327C7}.Release|x86.ActiveCfg = Release|Win32
		{0C33EDD9-672E-4054-A5EB-A65917B327C7}.Release|x86.Build.0 = Release|Win32
		{2E9CA401-962C-48D7-B7D5-DED9A51296D4}.Debug|x64.ActiveCfg = Debug|x64
		{2E9CA401-962C-48D7-B7D5-DED9A51296D4}.Debug|x64.Build.0 = Debug|x64
		{2E9CA401-962C-48D7-B7D5-DED9A51296D4}.Debug|x86.ActiveCfg = Debug|Win32
		{2E9CA401-962C-48D7-B7D5-DED9A51296D4}.Debug|x86.Build.0 = Debug|Win32
		{2E9CA401-962C-48D7-B7D5-DED9A51296D4}.Release|x64.ActiveCfg = Release|x64
		{2E9CA401-962C-48D7-B7D5-DED9A51296D4}.Release|x64.Build.0 = Release|x64
		{2E9CA401-962C-48D7-B7D5-DED9A51296D4}.Release|x86.ActiveCfg = Release|Win32
		{2E9CA401-962C-48D7-B7D5-DED9A51296D4}.Release|x86.Build.0 = Release|Win32
		{4A5E8D50-7235-4A93-A092-7A428DFF4B0D}.Debug|x64.ActiveCfg = Debug|x64
		{4A5E8D50-7235-4A93-A092-7A428DFF4B0D}.Debug|x64.Build.0 = Debug|x64
		{4A5E8D50-7235-4A93-A092-7A428DFF4B0D}.Debug|x86.ActiveCfg = Debug|Win32
		{4A5E8D50-7235-4A93-A092-7A428DFF4B0D}.Debug|x86.Build.0 = Debug|Win32
		{4A5E8D50-7235-4A93-A092-7A428DFF4B0D}.Release|x64.ActiveCfg = Release|x64
		{4A5E8D50-7235-4A93-A092-7A428DFF4B0D}.Release|x64.Build.0 = Release|x64
		{4A5E8D50-7235-4A93-A092-7A428DFF4B0D}.Release|x86.ActiveCfg = Release|Win32
		{4A5E8D50-7235-4A93-A092-7A428DFF4B0D}.Release|x86.Build.0 = Release|Win32
		{A6589E90-1F1F-43FA-B983-79D333491ECA}.Debug|x64.ActiveCfg = Debug|x64
		{A6589E90-1F1F-43FA-B983-79D333491ECA}.Debug|x64.Build.0 = Debug|x64
		{A6589E90-1F1F-43FA-B983-79D333491ECA}.Debug|x86.ActiveCfg = Debug|Win32
		{A6589E90-1F1F-43FA-B983-79D333491ECA}.Debug|x86.Build.0 = Debug|Win32
		{A6589E90-1F1F-43FA-B983-79D333491ECA}.Release|x64.ActiveCfg = Release|x64
		{A6589E90-1F1F-43FA-B983-79D333491ECA}.Release|x64.Build.0 = Release|x64
		{A6589E90-1F1F-43FA-B983-79D333491ECA}.Release|x86.ActiveCfg = Release|Win32
		{A6589E90-1F1F-43FA-B983-79D333491ECA}.Release|x86.Build.0 = Release|Win32
		{1858FC9E-5946-4B6B-B01B-5C2B94E30204}.Debug|x64.ActiveCfg = Debug|x64
		{1858FC9E-5946-4B6B-B01B-5C2B94E30204}.Debug|x64.Build.0 = Debug|x64
		{1858FC9E-5946-4B6B-B01B-5C2B94E30204}.Debug|x86.ActiveCfg = Debug|Win32
		{1858FC9E-5946-4B6B-B01B-5C2B94E30204}.Debug|x86.Build.0 = Debug|Win32
		{1858FC9E-5946-4B6B-B01B-5C2B94E30204}.Release|x64.ActiveCfg = Release|x64
		{1858FC9E-5946-4B6B-B01B-5C2B94E30204}.Release|x64.Build.0 = Release|x64
		{1858FC9E-5946-4B6B-B01B-5C2B94E30204}.Release|x86.ActiveCfg = Release|Win32
		{1858FC9E-5946-4B6B-B01B-5C2B94E30204}.Release|x86.Build.0 = Release|Win32
		{556884E6-3800-499D-9F39-E054D262E29F}.Debug|x64.ActiveCfg = Debug|x64
		{556884E6-3800-499D-9F39-E054D262E29F}.Debug|x64.Build.0 = Debug|x64
		{556884E6-3800-499D-9F39-E054D262E29F}.Debug|x86.ActiveCfg = Debug|Win32
		{556884E6-3800-499D-9F39-E054D262E29F}.Debug|x86.Build.0 = Debug|Win32
		{556884E6-3800-499D-9F39-E054D262E29F}.Release|x64.ActiveCfg = Release|x64
		{556884E6-3800-499D-9F39-E054D262E29F}.Release|x64.Build.0 = Release|x64
		{556884E6-3800-499D-9F39-E054D262E29F}.Release|x86.ActiveCfg = Release|Win32
		{556884E6-3800-499D-9F39-E054D262E29F}.Release|x86.Build.0 = Release|Win32
		{9ACDA650-00BD-43FA-9424-EBADFAE2A4A9}.Debug|x64.ActiveCfg = Debug|x64
		{9ACDA650-00BD-43FA-9424-EBADFAE2A4A9}.Debug|x64.Build.0 = Debug|x64
		{9ACDA650-00BD-43FA-9424-EBADFAE2A4A9}.Debug|x86.ActiveCfg = Debug|Win32
		{9ACDA650-00BD-43FA-9424-EBADFAE2A4A9}.Debug|x86.Build.0 = Debug|Win32
		{9ACDA650-00BD-43FA-9424-EBADFAE2A4A9}.Release|x64.ActiveCfg = Release|x64
		{9ACDA650-00BD-43FA-9424-EBADFAE2A4A9}.Release|x64.Build.0 = Release|x64
		{9ACDA650-00BD-43FA-9424-EBADFAE2A4A9}.Release|x86.ActiveCfg = Release|Win32
		{9ACDA650-00BD-43FA-9424-EBADFAE2A4A9}.Release|x86.Build.0 = Release|Win32
		{56FC91C5-B04A-4C1E-9086-B6303EAC7D24}.Debug|x64.ActiveCfg = Debug|x64
		{56FC91C5-B04A-4C1E-9086-B6303EAC7D24}.Debug|x64.Build.0 = Debug|x64
		{56FC91C5-B04A-4C1E-9086-B6303EAC7D24}.Debug|x86.ActiveCfg = Debug|Win32
		{56FC91C5-B04A-4C1E-9086-B6303EAC7D24}.Debug|x86.Build.0 = Debug|Win32
		{56FC91C5-B04A-4C1E-9086-B6303EAC7D24}.Release|x64.ActiveCfg = Release|x64
		{56FC91C5-B04A-4C1E-9086-B6303EAC7D24}.Release|x64.Build.0 = Release|x64
		{56FC91C5-B04A-4C1E-9086-B6303EAC7D24}.Release|x86.ActiveCfg = Release|Win32
		{56FC91C5-B04A-4C1E-9086-B6303EAC7D24}.Release|x86.Build.0 = Release|Win32
		{A41A4D15-542F-4FC8-A45B-BC3C5E4A14E9}.Debug|x64.ActiveCfg = Debug|x64
		{A41A4D15-542F-4FC8-A45B-BC3C5E4A14E9}.Debug|x64.Build.0 = Debug|x64
		{A41A4D15-542F-4FC8-A45B-BC3C5E4A14E9}.Debug|x86.ActiveCfg = Debug|Win32
		{A41A4D15-542F-4FC8-A45B-BC3C5E4A14E9}.Debug|x86.Build.0 = Debug|Win32
		{A41A4D15-542F-4FC8-A45B-BC3C5E4A14E9}.Release|x64.ActiveCfg = Release|x64
		{A41A4D15-542F-4FC8-A45B-BC3C5E4A14E9}.Release|x64.Build.0 = Release|x64
		{A41A4D15-542F-4FC8-A45B-BC3C5E4A14E9}.Release|x86.ActiveCfg = Release|Win32
		{A41A4D15-542F-4FC8-A45B-BC3C5E4A14E9}.Release|x86.Build.0 = Release|Win32
		{BCF929B4-D8AD-4816-8AB2-80948AA39B5A}.Debug|x64.ActiveCfg = Debug|x64
		{BCF929B4-D8AD-4816-8AB2-80948AA39B5A}.Debug|x64.Build.0 = Debug|x64
		{BCF929B4-D8AD-4816-8AB2-80948AA39B5A}.Debug|x86.ActiveCfg = Debug|Win32
		{BCF929B4-D8AD-4816-8AB2-80948AA39B5A}.Debug|x86.Build.0 = Debug|Win32
		{BCF929B4-D8AD-4816-8AB2-80948AA39B5A}.Release|x64.ActiveCfg = Release|x64
		{BCF929B4-D8AD-4816-8AB2-80948AA39B5A}.Release|x64.Build.0 = Release|x64
		{BCF929B4-D8AD-4816-8AB2-80948AA39B5A}.Release|x86.ActiveCfg = Release|Win32
		{BCF929B4-D8AD-4816-8AB2-80948AA39B5A}.Release|x86.Build.0 = Release|Win32
		{13FE0159-298B-4633-BCD7-65C11AD60E0B}.Debug|x64.ActiveCfg = Debug|x64
		{13FE0159-298B-4633-BCD7-65C11AD60E0B}.Debug|x64.Build.0 = Debug|x64
		{13FE0159-298B-4633-BCD7-65C11AD60E0B}.Debug|x86.ActiveCfg = Debug|Win32
		{13FE0159-298B-4633-BCD7-65C11AD60E0B}.Debug|x86.Build.0 = Debug|Win32
		{13FE0159-298B-4633-BCD7-65C11AD60E0B}.Release|x64.ActiveCfg = Release|x64
		{13FE0159-298B-4633-BCD7-65C11AD60E0B}.Release|x64.Build.0 = Release|x64
		{13FE0159-298B-4633-BCD7-65C11AD60E0B}.Release|x86.ActiveCfg = Release|Win32
		{13FE0159-298B-4633-BCD7-65C11AD60E0B}.Release|x86.Build.0 = Release|Win32
		{727DEAFE-D9CF-4C52-875E-159FBAA3A33B}.Debug|x64.ActiveCfg = Debug|x64
		{727DEAFE-D9CF-4C52-875E-159FBAA3A33B}.Debug|x64.Build.0 = Debug|x64
		{727DEAFE-D9CF-4C52-875E-159FBAA3A33B}.Debug|x86.ActiveCfg = Debug|Win32
		{727DEAFE-D9CF-4C52-875E-159FBAA3A33B}.Debug|x86.Build.0 = Debug|Win32
		{727DEAFE-D9CF-4C52-875E-159FBAA3A33B}.Release|x64.ActiveCfg = Release|x64
		{727DEAFE-D9CF-4C52-875E-159FBAA3A33B}.Release|x64.Build.0 = Release|x64
		{727DEAFE-D9CF-4C52-875E-159FBAA3A33B}.Release|x86.ActiveCfg = Release|Win32
		{727DEAFE-D9CF-4C52-875E-159FBAA3A33B}.Release|x86.Build.0 = Release|Win32
		{B74A0FFE-1D62-4A6B-A0BB-7B4DAAFB2712}.Debug|x64.ActiveCfg = Debug|x64
		{B74A0FFE-1D62-4A6B-A0BB-7B4DAAFB2712}.Debug|x64.Build.0 = Debug|x64
		{B74A0FFE-1D62-4A6B-A0BB-7B4DAAFB2712}.Debug|x86.ActiveCfg = Debug|Win32
		{B74A0FFE-1D62-4A6B-A0BB-7B4DAAFB2712}.Debug|x86.Build.0 = Debug|Win32
		{B74A0FFE-1D62-4A6B-A0BB-7B4DAAFB2712}.Release|x64.ActiveCfg = Release|x64
		{B74A0FFE-1D62-4A6B-A0BB-7B4DAAFB2712}.Release|x64.Build.0 = Release|x64
		{B74A0FFE-1D62-4A6B-A0BB-7B4DAAFB2712}.Release|x86.ActiveCfg = Release|Win32
		{B74A0FFE-1D62-4A6B-A0BB-7B4DAAFB2712}.Release|x86.Build.0 = Release|Win32
		{166BB3EC-7A2C-497A-9EF3-461D66E413DA}.Debug|x64.ActiveCfg = Debug|x64
		{166BB3EC-7A2C-497A-9EF3-461D66E413DA}.Debug|x64.Build.0 = Debug|x64
		{166BB3EC-7A2C-497A-9EF3-461D66E413DA}.Debug|x86.ActiveCfg = Debug|Win32
		{166BB3EC-7A2C-497A-9EF3-461D66E413DA}.Debug|x86.Build.0 = Debug|Win32
		{166BB3EC-7A2C-497A-9EF3-461D66E413DA}.Release|x64.ActiveCfg = Release|x64
		{166BB3EC-7A2C-497A-9EF3-461D66E413DA}.Release|x64.Build.0 = Release|x64
		{166BB3EC-7A2C-497A-9EF3-461D66E413DA}.Release|x86.ActiveCfg = Release|Win32
		{166BB3EC-7A2C-497A-9EF3-461D66E413DA}.Release|x86.Build.0 = Release|Win32
		{9ACF8659-EB0C-4179-A2CA-E84698AFCFCF}.Debug|x64.ActiveCfg = Debug|x64
		{9ACF8659-EB0C-4179-A2CA-E84698AFCFCF}.Debug|x64.Build.0 = Debug|x64
		{9ACF8659-EB0C-4179-A2CA-E84698AFCFCF}.Debug|x86.ActiveCfg = Debug|Win32
		{9ACF8659-EB0C-4179-A2CA-E84698AFCFCF}.Debug|x86.Build.0 = Debug|Win32
		{9ACF8659-EB0C-4179-A2CA-E84698AFCFCF}.Release|x64.ActiveCfg = Release|x64
		{9ACF8659-EB0C-4179-A2CA-E84698AFCFCF}.Release|x64.Build.0 = Release|x64
		{9ACF8659-EB0C-4179-A2CA-E84698AFCFCF}.Release|x86.ActiveCfg = Release|Win32
		{9ACF8659-EB0C-4179-A2CA-E84698AFCFCF}.Release|x86.Build.0 = Release|Win32
		{529A27DD-1E1F-4804-B65A-D8E2B460C4F5}.Debug|x64.ActiveCfg = Debug|x64
		{529A27DD-1E1F-4804-B65A-D8E2B460C4F5}.Debug|x64.Build.0 = Debug|x64
		{529A27DD-1E1F-4804-B65A-D8E2B460C4F5}.Debug|x86.ActiveCfg = Debug|Win32
		{529A27DD-1E1F-4804-B65A-D8E2B460C4F5}.Debug|x86.Build.0 = Debug|Win32
		{529A27DD-1E1F-4804-B65A-D8E2B460C4F5}.Release|x64.ActiveCfg = Release|x64
		{529A27DD-1E1F-4804-B65A-D8E2B460C4F5}.Release|x64.Build.0 = Release|x64
		{529A27DD-1E1F-4804-B65A-D8E2B460C4F5}.Release|x86.ActiveCfg = Release|Win32
		{529A27DD-1E1F-4804-B65A-D8E2B460C4F5}.Release|x86.Build.0 = Release|Win32
		{9E53AB44-6E46-4758-93BF-843B16365495}.Debug|x64.ActiveCfg = Debug|x64
		{9E53AB44-6E46-4758-93BF-843B16365495}.Debug|x64.Build.0 = Debug|x64
		{9E53AB44-6E46-4758-93BF-843B16365495}.Debug|x86.ActiveCfg = Debug|Win32
		{9E53AB44-6E46-4758-93BF-843B16365495}.Debug|x86.Build.0 = Debug|Win32
		{9E53AB44-6E46-4758-93BF-843B16365495}.Release|x64.ActiveCfg = Release|x64
		{9E53AB44-6E46-4758-93BF-843B16365495}.Release|x64.Build.0 = Release|x64
		{9E53AB44-6E46-4758-93BF-843B16365495}.Release|x86.ActiveCfg = Release|Win32
		{9E53AB44-6E46-4758-93BF-843B16365495}.Release|x86.Build.0 = Release|Win32
		{76892F7D-E8C1-43F3-91FA-458B96AEE11E}.Debug|x64.ActiveCfg = Debug|x64
		{76892F7D-E8C1-43F3-91FA-458B96AEE11E}.Debug|x64.Build.0 = Debug|x64
		{76892F7D-E8C1-43F3-91FA-458B96AEE11E}.Debug|x86.ActiveCfg = Debug|Win32
		{76892F7D-E8C1-43F3-91FA-458B96AEE11E}.Debug|x86.Build.0 = Debug|Win32
		{76892F7D-E8C1-43F3-91FA-458B96AEE11E}.Release|x64.ActiveCfg = Release|x64
		{76892F7D-E8C1-43F3-91FA-458B96AEE11E}.Release|x64.Build.0 = Release|x64
		{76892F7D-E8C1-43F3-91FA-458B96AEE11E}.Release|x86.ActiveCfg = Release|Win32
		{76892F7D-E8C1-43F3-91FA-458B96AEE11E}.Release|x86.Build.0 = Release|Win32
		{00A61173-9EC9-4DE0-9322-3EFA44B92AFA}.Debug|x64.ActiveCfg = Debug|x64
		{00A61173-9EC9-4DE0-9322-3EFA44B92AFA}.Debug|x64.Build.0 = Debug|x64
		{00A61173-9EC9-4DE0-9322-3EFA44B92AFA}.Debug|x86.ActiveCfg = Debug|Win32
		{00A61173-9EC9-4DE0-9322-3EFA44B92AFA}.Debug|x86.Build.0 = Debug|Win32
		{00A61173-9EC9-4DE0-9322-3EFA44B92AFA}.Release|x64.ActiveCfg = Release|x64
		{00A61173-9EC9-4DE0-9322-3EFA44B92AFA}.Release|x64.Build.0 = Release|x64
		{00A61173-9EC9-4DE0-9322-3EFA44B92AFA}.Release|x86.ActiveCfg = Release|Win32
		{00A61173-9EC9-4DE0-9322-3EFA44B92AFA}.Release|x86.Build.0 = Release|Win32
		{E08FFC93-C227-4AB9-ADC5-7155F0D56048}.Debug|x64.ActiveCfg = Debug|x64
		{E08FFC93-C227-4AB9-ADC5-7155F0D56048}.Debug|x64.Build.0 = Debug|x64
		{E08FFC93-C227-4AB9-ADC5-7155F0D56048}.Debug|x86.ActiveCfg = Debug|Win32
		{E08FFC93-C227-4AB9-ADC5-7155F0D56048}.Debug|x86.Build.0 = Debug|Win32
		{E08FFC93-C227-4AB9-ADC5-7155F0D56048}.Release|x64.ActiveCfg = Release|x64
		{E08FFC93-C227-4AB9-ADC5-7155F0D56048}.Release|x64.Build.0 = Release|x64
		{E08FFC93-C227-4AB9-ADC5-7155F0D56048}.Release|x86.ActiveCfg = Release|Win32
		{E08FFC93-C227-4AB9-ADC5-7155F0D56048}.Release|x86.Build.0 = Release|Win32
		{D39AFB62-E1E6-461D-817C-7D337F5A86FE}.Debug|x64.ActiveCfg = Debug|x64
		{D39AFB62-E1E6-461D-817C-7D337F5A86FE}.Debug|x64.Build.0 = Debug|x64
		{D39AFB62-E1E6-461D-817C-7D337F5A86FE}.Debug|x86.ActiveCfg = Debug|Win32
		{D39AFB62-E1E6-461D-817C-7D337F5A86FE}.Debug|x86.Build.0 = Debug|Win32
		{D39AFB62-E1E6-461D-817C-7D337F5A86FE}.Release|x64.ActiveCfg = Release|x64
		{D39AFB62-E1E6-461D-817C-7D337F5A86FE}.Release|x64.Build.0 = Release|x64
		{D39AFB62-E1E6-461D-817C-7D337F5A86FE}.Release|x86.ActiveCfg = Release|Win32
		{D39AFB62-E1E6-461D-817C-7D337F5A86FE}.Release|x86.Build.0 = Release|Win32
		{91727963-319E-4AF1-B47D-260F9FA4032A}.Debug|x64.ActiveCfg = Debug|x64
		{91727963-319E-4AF1-B47D-260F9FA4032A}.Debug|x64.Build.0 = Debug|x64
		{91727963-319E-4AF1-B47D-260F9FA4032A}.Debug|x86.ActiveCfg = Debug|Win32
		{91727963-319E-4AF1-B47D-260F9FA4032A}.Debug|x86.Build.0 = Debug|Win32
		{91727963-319E-4AF1-B47D-260F9FA4032A}.Release|x64.ActiveCfg = Release|x64
		{91727963-319E-4AF1-B47D-260F9FA4032A}.Release|x64.Build.0 = Release|x64
		{91727963-319E-4AF1-B47D-260F9FA4032A}.Release|x86.ActiveCfg = Release|Win32
		{91727963-319E-4AF1-B47D-260F9FA4032A}.Release|x86.Build.0 = Release|Win32
	EndGlobalSection
	GlobalSection(SolutionProperties) = preSolution
		HideSolutionNode = FALSE
	EndGlobalSection
	GlobalSection(ExtensibilityGlobals) = postSolution
		SolutionGuid = {120B8A4D-FE92-4116-AD21-689268B2CDA7}
	EndGlobalSection
EndGlobal
